{
  "name": "gas-flexible",
  "version": "0.1.0",
  "lockfileVersion": 1,
  "requires": true,
  "dependencies": {
    "commander": {
      "version": "2.20.3",
      "resolved": "https://registry.npm.taobao.org/commander/download/commander-2.20.3.tgz?cache=0&sync_timestamp=1587781596778&other_urls=https%3A%2F%2Fregistry.npm.taobao.org%2Fcommander%2Fdownload%2Fcommander-2.20.3.tgz",
      "integrity": "sha1-/UhehMA+tIgcIHIrpIA16FMa6zM=",
      "dev": true
    },
    "uglify-js": {
      "version": "3.9.4",
      "resolved": "https://registry.npm.taobao.org/uglify-js/download/uglify-js-3.9.4.tgz",
      "integrity": "sha1-hnQCN34EPB/HsQIlOiK2TlhiQBs=",
      "dev": true,
      "requires": {
        "commander": "2.20.3"
      }
    }
  }
}
